{
  "requires": true,
  "lockfileVersion": 1,
  "dependencies": {
    "axios": {
      "version": "https://registry.npmjs.org/axios/-/axios-0.17.1.tgz",
      "integrity": "sha1-LY4+XQvb1zJ/kbyBT1xXZg+Bgk0=",
      "requires": {
        "follow-redirects": "https://registry.npmjs.org/follow-redirects/-/follow-redirects-1.2.6.tgz",
        "is-buffer": "https://registry.npmjs.org/is-buffer/-/is-buffer-1.1.6.tgz"
      }
    },
    "debug": {
      "version": "https://registry.npmjs.org/debug/-/debug-3.1.0.tgz",
      "integrity": "sha1-W7WgZyYotkFJVmuhaBnmFRjGcmE=",
      "requires": {
        "ms": "https://registry.npmjs.org/ms/-/ms-2.0.0.tgz"
      }
    },
    "follow-redirects": {
      "version": "https://registry.npmjs.org/follow-redirects/-/follow-redirects-1.2.6.tgz",
      "integrity": "sha1-Tc3H5Ks91nZal/+Jw7TCWBF8eb8=",
      "requires": {
        "debug": "https://registry.npmjs.org/debug/-/debug-3.1.0.tgz"
      }
    },
    "is-buffer": {
      "version": "https://registry.npmjs.org/is-buffer/-/is-buffer-1.1.6.tgz",
      "integrity": "sha1-76ouqdqg16suoTqXsritUf776L4="
    },
    "jquery": {
      "version": "https://registry.npmjs.org/jquery/-/jquery-3.2.1.tgz",
      "integrity": "sha1-XE2d5lKvbNCncBVKYxu6ErAVx4c="
    },
    "js-cookie": {
      "version": "2.2.0",
      "resolved": "https://registry.npmjs.org/js-cookie/-/js-cookie-2.2.0.tgz",
      "integrity": "sha1-Gywnmm7s44ChIWi5JIUmWzWx7/s="
    },
    "ms": {
      "version": "https://registry.npmjs.org/ms/-/ms-2.0.0.tgz",
      "integrity": "sha1-VgiurfwAvmwpAd9fmGF4jeDVl8g="
    },
    "semantic-ui-css": {
      "version": "https://registry.npmjs.org/semantic-ui-css/-/semantic-ui-css-2.2.12.tgz",
      "integrity": "sha1-r8Ri5btPig3P49yhEnRJmpl0kN0=",
      "requires": {
        "jquery": "https://registry.npmjs.org/jquery/-/jquery-3.2.1.tgz"
      }
    },
    "url-search-params": {
      "version": "https://registry.npmjs.org/url-search-params/-/url-search-params-0.10.0.tgz",
      "integrity": "sha1-1CjB+p141cWj/rY0FHhziQ9K3PA="
    },
    "vue": {
      "version": "https://registry.npmjs.org/vue/-/vue-2.5.9.tgz",
      "integrity": "sha1-sjgM0ECRXcppiB2v0SHXYJUuZfc="
    }
  }
}
